
Microsoft Visual Studio Solution File, Format Version 12.00
# Visual Studio Version 17
VisualStudioVersion = 17.6.33927.249
MinimumVisualStudioVersion = 10.0.40219.1
Project("{FAE04EC0-301F-11D3-BF4B-00C04F79EFBC}") = "RepositoryUsingEFinMVC", "RepositoryUsingEFinMVC\RepositoryUsingEFinMVC.csproj", "{52F7E815-6628-4289-A2D0-1C66EA13D871}"
EndProject
Global
	GlobalSection(SolutionConfigurationPlatforms) = preSolution
		Debug|Any CPU = Debug|Any CPU
		Release|Any CPU = Release|Any CPU
	EndGlobalSection
	GlobalSection(ProjectConfigurationPlatforms) = postSolution
		{52F7E815-6628-4289-A2D0-1C66EA13D871}.Debug|Any CPU.ActiveCfg = Debug|Any CPU
		{52F7E815-6628-4289-A2D0-1C66EA13D871}.Debug|Any CPU.Build.0 = Debug|Any CPU
		{52F7E815-6628-4289-A2D0-1C66EA13D871}.Release|Any CPU.ActiveCfg = Release|Any CPU
		{52F7E815-6628-4289-A2D0-1C66EA13D871}.Release|Any CPU.Build.0 = Release|Any CPU
	EndGlobalSection
	GlobalSection(SolutionProperties) = preSolution
		HideSolutionNode = FALSE
	EndGlobalSection
	GlobalSection(ExtensibilityGlobals) = postSolution
		SolutionGuid = {1D88F400-C9D5-4EFC-B22A-15875412E3EE}
	EndGlobalSection
EndGlobal
